
Microsoft Visual Studio Solution File, Format Version 12.00
# Visual Studio Version 16
VisualStudioVersion = 25.0.1703.0
MinimumVisualStudioVersion = 10.0.40219.1
Project("{FAE04EC0-301F-11D3-BF4B-00C04F79EFBC}") = "BlogGetUsers", "BlogGetUsers.csproj", "{9F380DD1-9F15-403D-A044-189D3261623F}"
EndProject
Global
	GlobalSection(SolutionConfigurationPlatforms) = preSolution
		Debug|Any CPU = Debug|Any CPU
		Release|Any CPU = Release|Any CPU
	EndGlobalSection
	GlobalSection(ProjectConfigurationPlatforms) = postSolution
		{9F380DD1-9F15-403D-A044-189D3261623F}.Debug|Any CPU.ActiveCfg = Debug|Any CPU
		{9F380DD1-9F15-403D-A044-189D3261623F}.Debug|Any CPU.Build.0 = Debug|Any CPU
		{9F380DD1-9F15-403D-A044-189D3261623F}.Release|Any CPU.ActiveCfg = Release|Any CPU
		{9F380DD1-9F15-403D-A044-189D3261623F}.Release|Any CPU.Build.0 = Release|Any CPU
	EndGlobalSection
	GlobalSection(SolutionProperties) = preSolution
		HideSolutionNode = FALSE
	EndGlobalSection
	GlobalSection(ExtensibilityGlobals) = postSolution
		SolutionGuid = {5B552F03-923E-4A99-A4B9-2E98F69F7430}
	EndGlobalSection
EndGlobal
