
Microsoft Visual Studio Solution File, Format Version 12.00
# Visual Studio Version 16
VisualStudioVersion = 25.0.1703.2
MinimumVisualStudioVersion = 10.0.40219.1
Project("{FAE04EC0-301F-11D3-BF4B-00C04F79EFBC}") = "CCC.Tests", "CCC.Tests.csproj", "{7B2B53C0-50C3-48A3-8818-9509EB69433D}"
EndProject
Project("{FAE04EC0-301F-11D3-BF4B-00C04F79EFBC}") = "ContractControlCentre", "..\ContractControlCentre\ContractControlCentre.csproj", "{43DB7BAC-BB0A-4506-B6B6-16AAB78DB38B}"
EndProject
Global
	GlobalSection(SolutionConfigurationPlatforms) = preSolution
		Debug|Any CPU = Debug|Any CPU
		Release|Any CPU = Release|Any CPU
	EndGlobalSection
	GlobalSection(ProjectConfigurationPlatforms) = postSolution
		{7B2B53C0-50C3-48A3-8818-9509EB69433D}.Debug|Any CPU.ActiveCfg = Debug|Any CPU
		{7B2B53C0-50C3-48A3-8818-9509EB69433D}.Debug|Any CPU.Build.0 = Debug|Any CPU
		{7B2B53C0-50C3-48A3-8818-9509EB69433D}.Release|Any CPU.ActiveCfg = Release|Any CPU
		{7B2B53C0-50C3-48A3-8818-9509EB69433D}.Release|Any CPU.Build.0 = Release|Any CPU
		{43DB7BAC-BB0A-4506-B6B6-16AAB78DB38B}.Debug|Any CPU.ActiveCfg = Debug|Any CPU
		{43DB7BAC-BB0A-4506-B6B6-16AAB78DB38B}.Debug|Any CPU.Build.0 = Debug|Any CPU
		{43DB7BAC-BB0A-4506-B6B6-16AAB78DB38B}.Release|Any CPU.ActiveCfg = Release|Any CPU
		{43DB7BAC-BB0A-4506-B6B6-16AAB78DB38B}.Release|Any CPU.Build.0 = Release|Any CPU
	EndGlobalSection
	GlobalSection(SolutionProperties) = preSolution
		HideSolutionNode = FALSE
	EndGlobalSection
	GlobalSection(ExtensibilityGlobals) = postSolution
		SolutionGuid = {8FEC8F23-B848-46B3-865A-CAB3F51F9430}
	EndGlobalSection
EndGlobal
